
Microsoft Visual Studio Solution File, Format Version 12.00
# Visual Studio Version 16
VisualStudioVersion = 16.0.31729.503
MinimumVisualStudioVersion = 10.0.40219.1
Project("{9A19103F-16F7-4668-BE54-9A1E7A4F7556}") = "BattleShipGame", "BattleShipGame\BattleShipGame.csproj", "{3642F661-5E09-45A2-9556-6B55F3DECBD8}"
EndProject
Project("{FAE04EC0-301F-11D3-BF4B-00C04F79EFBC}") = "BattleShipsUnitTests", "BattleShipsUnitTests\BattleShipsUnitTests.csproj", "{A4FDCA0C-2779-40BE-A818-F62112FD33E3}"
	ProjectSection(ProjectDependencies) = postProject
		{3642F661-5E09-45A2-9556-6B55F3DECBD8} = {3642F661-5E09-45A2-9556-6B55F3DECBD8}
	EndProjectSection
EndProject
Global
	GlobalSection(SolutionConfigurationPlatforms) = preSolution
		Debug|Any CPU = Debug|Any CPU
		Release|Any CPU = Release|Any CPU
	EndGlobalSection
	GlobalSection(ProjectConfigurationPlatforms) = postSolution
		{3642F661-5E09-45A2-9556-6B55F3DECBD8}.Debug|Any CPU.ActiveCfg = Debug|Any CPU
		{3642F661-5E09-45A2-9556-6B55F3DECBD8}.Debug|Any CPU.Build.0 = Debug|Any CPU
		{3642F661-5E09-45A2-9556-6B55F3DECBD8}.Release|Any CPU.ActiveCfg = Release|Any CPU
		{3642F661-5E09-45A2-9556-6B55F3DECBD8}.Release|Any CPU.Build.0 = Release|Any CPU
		{A4FDCA0C-2779-40BE-A818-F62112FD33E3}.Debug|Any CPU.ActiveCfg = Debug|Any CPU
		{A4FDCA0C-2779-40BE-A818-F62112FD33E3}.Debug|Any CPU.Build.0 = Debug|Any CPU
		{A4FDCA0C-2779-40BE-A818-F62112FD33E3}.Release|Any CPU.ActiveCfg = Release|Any CPU
		{A4FDCA0C-2779-40BE-A818-F62112FD33E3}.Release|Any CPU.Build.0 = Release|Any CPU
	EndGlobalSection
	GlobalSection(SolutionProperties) = preSolution
		HideSolutionNode = FALSE
	EndGlobalSection
	GlobalSection(ExtensibilityGlobals) = postSolution
		SolutionGuid = {9978D6FB-E6BA-48E6-B74B-D525C3094823}
	EndGlobalSection
EndGlobal
